
Microsoft Visual Studio Solution File, Format Version 12.00
# Visual Studio Version 17
VisualStudioVersion = 17.8.34408.163
MinimumVisualStudioVersion = 10.0.40219.1
Project("{9A19103F-16F7-4668-BE54-9A1E7A4F7556}") = "MiniProjects", "MiniProjects\MiniProjects.csproj", "{83A0005A-67CD-4581-8EF6-67673F6B61BB}"
EndProject
Project("{9A19103F-16F7-4668-BE54-9A1E7A4F7556}") = "TrxServices", "TrxServices\TrxServices.csproj", "{66EBBC5D-4145-412B-BBDE-0E54E1BBBA41}"
EndProject
Project("{FAE04EC0-301F-11D3-BF4B-00C04F79EFBC}") = "WebFrontEnd", "WebFrontEnd\WebFrontEnd.csproj", "{C7CC4C3C-0A05-4197-9AF8-6740CEDD05BD}"
EndProject
Global
	GlobalSection(SolutionConfigurationPlatforms) = preSolution
		Debug|Any CPU = Debug|Any CPU
		Release|Any CPU = Release|Any CPU
	EndGlobalSection
	GlobalSection(ProjectConfigurationPlatforms) = postSolution
		{83A0005A-67CD-4581-8EF6-67673F6B61BB}.Debug|Any CPU.ActiveCfg = Debug|Any CPU
		{83A0005A-67CD-4581-8EF6-67673F6B61BB}.Debug|Any CPU.Build.0 = Debug|Any CPU
		{83A0005A-67CD-4581-8EF6-67673F6B61BB}.Release|Any CPU.ActiveCfg = Release|Any CPU
		{83A0005A-67CD-4581-8EF6-67673F6B61BB}.Release|Any CPU.Build.0 = Release|Any CPU
		{66EBBC5D-4145-412B-BBDE-0E54E1BBBA41}.Debug|Any CPU.ActiveCfg = Debug|Any CPU
		{66EBBC5D-4145-412B-BBDE-0E54E1BBBA41}.Debug|Any CPU.Build.0 = Debug|Any CPU
		{66EBBC5D-4145-412B-BBDE-0E54E1BBBA41}.Release|Any CPU.ActiveCfg = Release|Any CPU
		{66EBBC5D-4145-412B-BBDE-0E54E1BBBA41}.Release|Any CPU.Build.0 = Release|Any CPU
		{C7CC4C3C-0A05-4197-9AF8-6740CEDD05BD}.Debug|Any CPU.ActiveCfg = Debug|Any CPU
		{C7CC4C3C-0A05-4197-9AF8-6740CEDD05BD}.Debug|Any CPU.Build.0 = Debug|Any CPU
		{C7CC4C3C-0A05-4197-9AF8-6740CEDD05BD}.Release|Any CPU.ActiveCfg = Release|Any CPU
		{C7CC4C3C-0A05-4197-9AF8-6740CEDD05BD}.Release|Any CPU.Build.0 = Release|Any CPU
	EndGlobalSection
	GlobalSection(SolutionProperties) = preSolution
		HideSolutionNode = FALSE
	EndGlobalSection
	GlobalSection(ExtensibilityGlobals) = postSolution
		SolutionGuid = {2FCFF0C5-193D-4873-9D47-1731A0935F6B}
	EndGlobalSection
EndGlobal
